
Microsoft Visual Studio Solution File, Format Version 12.00
# Visual Studio Version 16
VisualStudioVersion = 16.0.30907.101
MinimumVisualStudioVersion = 10.0.40219.1
Project("{FAE04EC0-301F-11D3-BF4B-00C04F79EFBC}") = "TestApplication", "TestApplication\TestApplication.csproj", "{6131D524-1156-43E3-9C6B-BCE617D772EB}"
EndProject
Global
	GlobalSection(SolutionConfigurationPlatforms) = preSolution
		Debug|Any CPU = Debug|Any CPU
		Release|Any CPU = Release|Any CPU
	EndGlobalSection
	GlobalSection(ProjectConfigurationPlatforms) = postSolution
		{6131D524-1156-43E3-9C6B-BCE617D772EB}.Debug|Any CPU.ActiveCfg = Debug|Any CPU
		{6131D524-1156-43E3-9C6B-BCE617D772EB}.Debug|Any CPU.Build.0 = Debug|Any CPU
		{6131D524-1156-43E3-9C6B-BCE617D772EB}.Release|Any CPU.ActiveCfg = Release|Any CPU
		{6131D524-1156-43E3-9C6B-BCE617D772EB}.Release|Any CPU.Build.0 = Release|Any CPU
	EndGlobalSection
	GlobalSection(SolutionProperties) = preSolution
		HideSolutionNode = FALSE
	EndGlobalSection
	GlobalSection(ExtensibilityGlobals) = postSolution
		SolutionGuid = {6F6783DB-B9D4-4893-92EE-383AA98E0DE7}
	EndGlobalSection
EndGlobal
